
Microsoft Visual Studio Solution File, Format Version 12.00
# Visual Studio Version 16
VisualStudioVersion = 16.0.31112.23
MinimumVisualStudioVersion = 10.0.40219.1
Project("{FAE04EC0-301F-11D3-BF4B-00C04F79EFBC}") = "TimeTableMobile.Android", "TimeTableMobile\TimeTableMobile.Android\TimeTableMobile.Android.csproj", "{8FDDB25D-356D-4320-8116-A4901283054F}"
EndProject
Project("{FAE04EC0-301F-11D3-BF4B-00C04F79EFBC}") = "TimeTableMobile.iOS", "TimeTableMobile\TimeTableMobile.iOS\TimeTableMobile.iOS.csproj", "{0CCEAC60-C0A6-4C8D-AE07-93806860C2CF}"
EndProject
Project("{FAE04EC0-301F-11D3-BF4B-00C04F79EFBC}") = "TimeTableMobile", "TimeTableMobile\TimeTableMobile\TimeTableMobile.csproj", "{6FA232A0-A098-4BB2-8C2A-932E2460CFDA}"
EndProject
Global
	GlobalSection(SolutionConfigurationPlatforms) = preSolution
		Debug|Any CPU = Debug|Any CPU
		Debug|iPhone = Debug|iPhone
		Debug|iPhoneSimulator = Debug|iPhoneSimulator
		Release|Any CPU = Release|Any CPU
		Release|iPhone = Release|iPhone
		Release|iPhoneSimulator = Release|iPhoneSimulator
	EndGlobalSection
	GlobalSection(ProjectConfigurationPlatforms) = postSolution
		{8FDDB25D-356D-4320-8116-A4901283054F}.Debug|Any CPU.ActiveCfg = Debug|Any CPU
		{8FDDB25D-356D-4320-8116-A4901283054F}.Debug|Any CPU.Build.0 = Debug|Any CPU
		{8FDDB25D-356D-4320-8116-A4901283054F}.Debug|Any CPU.Deploy.0 = Debug|Any CPU
		{8FDDB25D-356D-4320-8116-A4901283054F}.Debug|iPhone.ActiveCfg = Debug|Any CPU
		{8FDDB25D-356D-4320-8116-A4901283054F}.Debug|iPhone.Build.0 = Debug|Any CPU
		{8FDDB25D-356D-4320-8116-A4901283054F}.Debug|iPhone.Deploy.0 = Debug|Any CPU
		{8FDDB25D-356D-4320-8116-A4901283054F}.Debug|iPhoneSimulator.ActiveCfg = Debug|Any CPU
		{8FDDB25D-356D-4320-8116-A4901283054F}.Debug|iPhoneSimulator.Build.0 = Debug|Any CPU
		{8FDDB25D-356D-4320-8116-A4901283054F}.Debug|iPhoneSimulator.Deploy.0 = Debug|Any CPU
		{8FDDB25D-356D-4320-8116-A4901283054F}.Release|Any CPU.ActiveCfg = Release|Any CPU
		{8FDDB25D-356D-4320-8116-A4901283054F}.Release|Any CPU.Build.0 = Release|Any CPU
		{8FDDB25D-356D-4320-8116-A4901283054F}.Release|Any CPU.Deploy.0 = Release|Any CPU
		{8FDDB25D-356D-4320-8116-A4901283054F}.Release|iPhone.ActiveCfg = Release|Any CPU
		{8FDDB25D-356D-4320-8116-A4901283054F}.Release|iPhone.Build.0 = Release|Any CPU
		{8FDDB25D-356D-4320-8116-A4901283054F}.Release|iPhone.Deploy.0 = Release|Any CPU
		{8FDDB25D-356D-4320-8116-A4901283054F}.Release|iPhoneSimulator.ActiveCfg = Release|Any CPU
		{8FDDB25D-356D-4320-8116-A4901283054F}.Release|iPhoneSimulator.Build.0 = Release|Any CPU
		{8FDDB25D-356D-4320-8116-A4901283054F}.Release|iPhoneSimulator.Deploy.0 = Release|Any CPU
		{0CCEAC60-C0A6-4C8D-AE07-93806860C2CF}.Debug|Any CPU.ActiveCfg = Debug|iPhone
		{0CCEAC60-C0A6-4C8D-AE07-93806860C2CF}.Debug|Any CPU.Build.0 = Debug|iPhone
		{0CCEAC60-C0A6-4C8D-AE07-93806860C2CF}.Debug|Any CPU.Deploy.0 = Debug|iPhone
		{0CCEAC60-C0A6-4C8D-AE07-93806860C2CF}.Debug|iPhone.ActiveCfg = Debug|iPhone
		{0CCEAC60-C0A6-4C8D-AE07-93806860C2CF}.Debug|iPhone.Build.0 = Debug|iPhone
		{0CCEAC60-C0A6-4C8D-AE07-93806860C2CF}.Debug|iPhone.Deploy.0 = Debug|iPhone
		{0CCEAC60-C0A6-4C8D-AE07-93806860C2CF}.Debug|iPhoneSimulator.ActiveCfg = Debug|iPhoneSimulator
		{0CCEAC60-C0A6-4C8D-AE07-93806860C2CF}.Debug|iPhoneSimulator.Build.0 = Debug|iPhoneSimulator
		{0CCEAC60-C0A6-4C8D-AE07-93806860C2CF}.Debug|iPhoneSimulator.Deploy.0 = Debug|iPhoneSimulator
		{0CCEAC60-C0A6-4C8D-AE07-93806860C2CF}.Release|Any CPU.ActiveCfg = Release|iPhoneSimulator
		{0CCEAC60-C0A6-4C8D-AE07-93806860C2CF}.Release|Any CPU.Build.0 = Release|iPhoneSimulator
		{0CCEAC60-C0A6-4C8D-AE07-93806860C2CF}.Release|Any CPU.Deploy.0 = Release|iPhoneSimulator
		{0CCEAC60-C0A6-4C8D-AE07-93806860C2CF}.Release|iPhone.ActiveCfg = Release|iPhone
		{0CCEAC60-C0A6-4C8D-AE07-93806860C2CF}.Release|iPhone.Build.0 = Release|iPhone
		{0CCEAC60-C0A6-4C8D-AE07-93806860C2CF}.Release|iPhone.Deploy.0 = Release|iPhone
		{0CCEAC60-C0A6-4C8D-AE07-93806860C2CF}.Release|iPhoneSimulator.ActiveCfg = Release|iPhoneSimulator
		{0CCEAC60-C0A6-4C8D-AE07-93806860C2CF}.Release|iPhoneSimulator.Build.0 = Release|iPhoneSimulator
		{0CCEAC60-C0A6-4C8D-AE07-93806860C2CF}.Release|iPhoneSimulator.Deploy.0 = Release|iPhoneSimulator
		{6FA232A0-A098-4BB2-8C2A-932E2460CFDA}.Debug|Any CPU.ActiveCfg = Debug|Any CPU
		{6FA232A0-A098-4BB2-8C2A-932E2460CFDA}.Debug|Any CPU.Build.0 = Debug|Any CPU
		{6FA232A0-A098-4BB2-8C2A-932E2460CFDA}.Debug|Any CPU.Deploy.0 = Debug|Any CPU
		{6FA232A0-A098-4BB2-8C2A-932E2460CFDA}.Debug|iPhone.ActiveCfg = Debug|Any CPU
		{6FA232A0-A098-4BB2-8C2A-932E2460CFDA}.Debug|iPhone.Build.0 = Debug|Any CPU
		{6FA232A0-A098-4BB2-8C2A-932E2460CFDA}.Debug|iPhone.Deploy.0 = Debug|Any CPU
		{6FA232A0-A098-4BB2-8C2A-932E2460CFDA}.Debug|iPhoneSimulator.ActiveCfg = Debug|Any CPU
		{6FA232A0-A098-4BB2-8C2A-932E2460CFDA}.Debug|iPhoneSimulator.Build.0 = Debug|Any CPU
		{6FA232A0-A098-4BB2-8C2A-932E2460CFDA}.Debug|iPhoneSimulator.Deploy.0 = Debug|Any CPU
		{6FA232A0-A098-4BB2-8C2A-932E2460CFDA}.Release|Any CPU.ActiveCfg = Release|Any CPU
		{6FA232A0-A098-4BB2-8C2A-932E2460CFDA}.Release|Any CPU.Build.0 = Release|Any CPU
		{6FA232A0-A098-4BB2-8C2A-932E2460CFDA}.Release|Any CPU.Deploy.0 = Release|Any CPU
		{6FA232A0-A098-4BB2-8C2A-932E2460CFDA}.Release|iPhone.ActiveCfg = Release|Any CPU
		{6FA232A0-A098-4BB2-8C2A-932E2460CFDA}.Release|iPhone.Build.0 = Release|Any CPU
		{6FA232A0-A098-4BB2-8C2A-932E2460CFDA}.Release|iPhone.Deploy.0 = Release|Any CPU
		{6FA232A0-A098-4BB2-8C2A-932E2460CFDA}.Release|iPhoneSimulator.ActiveCfg = Release|Any CPU
		{6FA232A0-A098-4BB2-8C2A-932E2460CFDA}.Release|iPhoneSimulator.Build.0 = Release|Any CPU
		{6FA232A0-A098-4BB2-8C2A-932E2460CFDA}.Release|iPhoneSimulator.Deploy.0 = Release|Any CPU
	EndGlobalSection
	GlobalSection(SolutionProperties) = preSolution
		HideSolutionNode = FALSE
	EndGlobalSection
	GlobalSection(ExtensibilityGlobals) = postSolution
		SolutionGuid = {6C30469D-D010-48FB-8936-F783B807716F}
	EndGlobalSection
EndGlobal
